# This file is autogenerated, do not edit; changes may be undone by the next 'dep ensure'.


[[projects]]
  branch = "master"
  name = "github.com/andybalholm/cascadia"
  packages = ["."]
  revision = "349dd0209470eabd9514242c688c403c0926d266"

[[projects]]
  name = "github.com/carlmjohnson/gracefulserver"
  packages = ["."]
  revision = "4f17d637a64c97f19eb748cc9b53f6878e54441c"
  version = "v0.1.0"

[[projects]]
  name = "github.com/pkg/errors"
  packages = ["."]
  revision = "645ef00459ed84a119197bfb8d8205042c6df63d"
  version = "v0.8.0"

[[projects]]
  branch = "master"
  name = "golang.org/x/net"
  packages = ["html","html/atom"]
  revision = "a337091b0525af65de94df2eb7e98bd9962dcbe2"

[solve-meta]
  analyzer-name = "dep"
  analyzer-version = 1
  inputs-digest = "a928ebe246ebb003b80f7fb5dfcdca4c18f94c7dbeee5f912cf320a23e4baf6a"
  solver-name = "gps-cdcl"
  solver-version = 1
